{
  "name": "gemini-press-room",
  "version": "1.0.0",
  "lockfileVersion": 3,
  "requires": true,
  "packages": {
    "": {
      "name": "gemini-press-room",
      "version": "1.0.0",
      "license": "ISC",
      "dependencies": {
        "@profoundai/client": "^0.46.0"
      }
    },
    "node_modules/@profoundai/client": {
      "version": "0.46.0",
      "resolved": "https://registry.npmjs.org/@profoundai/client/-/client-0.46.0.tgz",
      "integrity": "sha512-IAPDlPB9Us2JMRa2FCv9tggWhnymZnMabgBV100MQtx5ZRsmWdF2JtyvBCx0YGxFVgs6Iujswnp7avi+NU4j/Q==",
      "license": "Apache-2.0"
    }
  }
}
